
Microsoft Visual Studio Solution File, Format Version 12.00
# Visual Studio Version 16
VisualStudioVersion = 16.0.31507.150
MinimumVisualStudioVersion = 10.0.40219.1
Project("{FAE04EC0-301F-11D3-BF4B-00C04F79EFBC}") = "WebApplication4", "WebApplication4\WebApplication4.csproj", "{65F16A7A-FC63-4280-9C10-5C30FB395C0B}"
EndProject
Global
	GlobalSection(SolutionConfigurationPlatforms) = preSolution
		Debug|Any CPU = Debug|Any CPU
		Release|Any CPU = Release|Any CPU
	EndGlobalSection
	GlobalSection(ProjectConfigurationPlatforms) = postSolution
		{65F16A7A-FC63-4280-9C10-5C30FB395C0B}.Debug|Any CPU.ActiveCfg = Debug|Any CPU
		{65F16A7A-FC63-4280-9C10-5C30FB395C0B}.Debug|Any CPU.Build.0 = Debug|Any CPU
		{65F16A7A-FC63-4280-9C10-5C30FB395C0B}.Release|Any CPU.ActiveCfg = Release|Any CPU
		{65F16A7A-FC63-4280-9C10-5C30FB395C0B}.Release|Any CPU.Build.0 = Release|Any CPU
	EndGlobalSection
	GlobalSection(SolutionProperties) = preSolution
		HideSolutionNode = FALSE
	EndGlobalSection
	GlobalSection(ExtensibilityGlobals) = postSolution
		SolutionGuid = {1C6DCBF0-914C-4717-BE5C-375E5E068FC9}
	EndGlobalSection
EndGlobal
